
Microsoft Visual Studio Solution File, Format Version 12.00
# Visual Studio Version 16
VisualStudioVersion = 16.0.31624.102
MinimumVisualStudioVersion = 10.0.40219.1
Project("{FAE04EC0-301F-11D3-BF4B-00C04F79EFBC}") = "BTN_LTCSDL", "BTN_LTCSDL\BTN_LTCSDL.csproj", "{A933529B-FE96-43F5-B694-526DA38C1A0E}"
EndProject
Global
	GlobalSection(SolutionConfigurationPlatforms) = preSolution
		Debug|Any CPU = Debug|Any CPU
		Release|Any CPU = Release|Any CPU
	EndGlobalSection
	GlobalSection(ProjectConfigurationPlatforms) = postSolution
		{A933529B-FE96-43F5-B694-526DA38C1A0E}.Debug|Any CPU.ActiveCfg = Debug|Any CPU
		{A933529B-FE96-43F5-B694-526DA38C1A0E}.Debug|Any CPU.Build.0 = Debug|Any CPU
		{A933529B-FE96-43F5-B694-526DA38C1A0E}.Release|Any CPU.ActiveCfg = Release|Any CPU
		{A933529B-FE96-43F5-B694-526DA38C1A0E}.Release|Any CPU.Build.0 = Release|Any CPU
	EndGlobalSection
	GlobalSection(SolutionProperties) = preSolution
		HideSolutionNode = FALSE
	EndGlobalSection
	GlobalSection(ExtensibilityGlobals) = postSolution
		SolutionGuid = {16FE44A4-00A0-43CC-92EF-1A06C2370AEA}
	EndGlobalSection
EndGlobal
